
Microsoft Visual Studio Solution File, Format Version 12.00
# Visual Studio Version 17
VisualStudioVersion = 17.7.34202.233
MinimumVisualStudioVersion = 10.0.40219.1
Project("{FAE04EC0-301F-11D3-BF4B-00C04F79EFBC}") = "Apteka.Backend", "Apteka.Backend\Apteka.Backend.csproj", "{463768CA-420A-47B2-9A88-00A84502A533}"
EndProject
Global
	GlobalSection(SolutionConfigurationPlatforms) = preSolution
		Debug|Any CPU = Debug|Any CPU
		Release|Any CPU = Release|Any CPU
	EndGlobalSection
	GlobalSection(ProjectConfigurationPlatforms) = postSolution
		{463768CA-420A-47B2-9A88-00A84502A533}.Debug|Any CPU.ActiveCfg = Debug|Any CPU
		{463768CA-420A-47B2-9A88-00A84502A533}.Debug|Any CPU.Build.0 = Debug|Any CPU
		{463768CA-420A-47B2-9A88-00A84502A533}.Release|Any CPU.ActiveCfg = Release|Any CPU
		{463768CA-420A-47B2-9A88-00A84502A533}.Release|Any CPU.Build.0 = Release|Any CPU
	EndGlobalSection
	GlobalSection(SolutionProperties) = preSolution
		HideSolutionNode = FALSE
	EndGlobalSection
	GlobalSection(ExtensibilityGlobals) = postSolution
		SolutionGuid = {1A4596DC-ABF8-472F-8CA6-B79D6F3D0F62}
	EndGlobalSection
EndGlobal
